# THIS IS AN AUTOGENERATED FILE. DO NOT EDIT THIS FILE DIRECTLY.
# yarn lockfile v1


"@rollup/rollup-linux-x64-gnu@^4.46.2":
  version "4.46.2"
  resolved "https://registry.yarnpkg.com/@rollup/rollup-linux-x64-gnu/-/rollup-linux-x64-gnu-4.46.2.tgz#1e936446f90b2574ea4a83b4842a762cc0a0aed3"
  integrity sha512-Jj5a9RUoe5ra+MEyERkDKLwTXVu6s3aACP51nkfnK9wJTraCC8IMe3snOfALkrjTYd2G1ViE1hICj0fZ7ALBPA==

"@types/geojson@*":
  version "7946.0.16"
  resolved "https://registry.yarnpkg.com/@types/geojson/-/geojson-7946.0.16.tgz#8ebe53d69efada7044454e3305c19017d97ced2a"
  integrity sha512-6C8nqWur3j98U6+lXDfTUWIfgvZU+EumvpHKcYjujKH7woYyLj2sUmff0tRhrqM7BohUw7Pz3ZB1jj2gW9Fvmg==

"@types/leaflet@^1.9.20":
  version "1.9.20"
  resolved "https://registry.yarnpkg.com/@types/leaflet/-/leaflet-1.9.20.tgz#a7feef4b0a4b36335dfc98456e76c0a86ab8462c"
  integrity sha512-rooalPMlk61LCaLOvBF2VIf9M47HgMQqi5xQ9QRi7c8PkdIe0WrIi5IxXUXQjAdL0c+vcQ01mYWbthzmp9GHWw==
  dependencies:
    "@types/geojson" "*"

leaflet.markercluster@^1.5.3:
  version "1.5.3"
  resolved "https://registry.yarnpkg.com/leaflet.markercluster/-/leaflet.markercluster-1.5.3.tgz#9cdb52a4eab92671832e1ef9899669e80efc4056"
  integrity sha512-vPTw/Bndq7eQHjLBVlWpnGeLa3t+3zGiuM7fJwCkiMFq+nmRuG3RI3f7f4N4TDX7T4NpbAXpR2+NTRSEGfCSeA==

leaflet@^1.9.4:
  version "1.9.4"
  resolved "https://registry.yarnpkg.com/leaflet/-/leaflet-1.9.4.tgz#23fae724e282fa25745aff82ca4d394748db7d8d"
  integrity sha512-nxS1ynzJOmOlHp+iL3FyWqK89GtNL8U8rvlMOsQdTTssxZwCXh8N2NB3GDQOL+YR3XnWyZAxwQixURb+FA74PA==

lucide-svelte@^0.536.0:
  version "0.536.0"
  resolved "https://registry.yarnpkg.com/lucide-svelte/-/lucide-svelte-0.536.0.tgz#335752946d3bbf3e71efc58aa7eb9a66665141ee"
  integrity sha512-UIm/R2IYZMs4HW134ik7rDqEDXdvXb109Fznb8mG7OFQShnXkRpAaoyytJ8FzXR5W6GbfQ+r5jHBnIUs6uQp9w==

tailwind-merge@^3.3.1:
  version "3.3.1"
  resolved "https://registry.yarnpkg.com/tailwind-merge/-/tailwind-merge-3.3.1.tgz#a7e7db7c714f6020319e626ecfb7e7dac8393a4b"
  integrity sha512-gBXpgUm/3rp1lMZZrM/w7D8GKqshif0zAymAhbCyIt8KMe+0v9DQ7cdYLR4FHH/cKpdTXb+A/tKKU3eolfsI+g==

wavesurfer.js@^7.10.1:
  version "7.10.1"
  resolved "https://registry.yarnpkg.com/wavesurfer.js/-/wavesurfer.js-7.10.1.tgz#c2f799a05d939cbb1e5df8aa7e0485ab44ad7594"
  integrity sha512-tF1ptFCAi8SAqKbM1e7705zouLC3z4ulXCg15kSP5dQ7VDV30Q3x/xFRcuVIYTT5+jB/PdkhiBRCfsMshZG1Ug==
